{
  "requires": true,
  "lockfileVersion": 1,
  "dependencies": {
    "format-thousands": {
      "version": "1.1.1",
      "resolved": "https://registry.npmjs.org/format-thousands/-/format-thousands-1.1.1.tgz",
      "integrity": "sha1-eXW+4wM42QBjkNpYMdsLQcMj+/o="
    },
    "node-fetch": {
      "version": "2.6.0",
      "resolved": "https://registry.npmjs.org/node-fetch/-/node-fetch-2.6.0.tgz",
      "integrity": "sha512-8dG4H5ujfvFiqDmVu9fQ5bOHUC15JMjMY/Zumv26oOvvVJjM67KF8koCWIabKQ1GJIa9r2mMZscBq/TbdOcmNA=="
    },
    "tslib": {
      "version": "1.13.0",
      "resolved": "https://registry.npmjs.org/tslib/-/tslib-1.13.0.tgz",
      "integrity": "sha512-i/6DQjL8Xf3be4K/E6Wgpekn5Qasl1usyw++dAA35Ue5orEn65VIxOA+YvNNl9HV3qv70T7CNwjODHZrLwvd1Q=="
    },
    "vue": {
      "version": "2.6.11",
      "resolved": "https://registry.npmjs.org/vue/-/vue-2.6.11.tgz",
      "integrity": "sha512-VfPwgcGABbGAue9+sfrD4PuwFar7gPb1yl1UK1MwXoQPAw0BKSqWfoYCT/ThFrdEVWoI51dBuyCoiNU9bZDZxQ=="
    },
    "vue-github-buttons": {
      "version": "3.1.0",
      "resolved": "https://registry.npmjs.org/vue-github-buttons/-/vue-github-buttons-3.1.0.tgz",
      "integrity": "sha512-x0b9bdhP5xZOD5kQ9+nnCzvKqVyHb4moqN2l06mjYB/k2WRdW5jiAWlneUgoPFwPvcqM40vrTDXVvBrS0MMlEQ==",
      "requires": {
        "format-thousands": "^1.1.1",
        "node-fetch": "^2.3.0",
        "tslib": "^1.9.3"
      }
    },
    "vue-material": {
      "version": "1.0.0-beta-14",
      "resolved": "https://registry.npmjs.org/vue-material/-/vue-material-1.0.0-beta-14.tgz",
      "integrity": "sha512-Y6ZUqKqbdUEYxOHJcqsaIIi3Vopn0+k/zw34V8lz03z8D/PMaz1T+jH7Dn3qZdrQNn7qsvDqBrafDcn0avho8A==",
      "requires": {
        "vue-github-buttons": "^3.1.0",
        "vue-toc": "0.0.1"
      }
    },
    "vue-toc": {
      "version": "0.0.1",
      "resolved": "https://registry.npmjs.org/vue-toc/-/vue-toc-0.0.1.tgz",
      "integrity": "sha512-RZfVgLzk/kpEmk05ptvU/+x3TVo4Ai4BBARvV4iCurR9bJsAqnnrqwjEBKnEG+s6NT0yQ6EY0JMGViyOUGysDw==",
      "requires": {
        "vue": "^2.6.10"
      }
    }
  }
}
